
Microsoft Visual Studio Solution File, Format Version 12.00
# Visual Studio Version 17
VisualStudioVersion = 17.0.32014.148
MinimumVisualStudioVersion = 10.0.40219.1
Project("{FAE04EC0-301F-11D3-BF4B-00C04F79EFBC}") = "Demo", "Demo.csproj", "{F1ED1FD1-E281-4D66-810C-D9F0FB0B04D6}"
EndProject
Global
	GlobalSection(SolutionConfigurationPlatforms) = preSolution
		Debug|Any CPU = Debug|Any CPU
		Release|Any CPU = Release|Any CPU
	EndGlobalSection
	GlobalSection(ProjectConfigurationPlatforms) = postSolution
		{F1ED1FD1-E281-4D66-810C-D9F0FB0B04D6}.Debug|Any CPU.ActiveCfg = Debug|Any CPU
		{F1ED1FD1-E281-4D66-810C-D9F0FB0B04D6}.Debug|Any CPU.Build.0 = Debug|Any CPU
		{F1ED1FD1-E281-4D66-810C-D9F0FB0B04D6}.Release|Any CPU.ActiveCfg = Release|Any CPU
		{F1ED1FD1-E281-4D66-810C-D9F0FB0B04D6}.Release|Any CPU.Build.0 = Release|Any CPU
	EndGlobalSection
	GlobalSection(SolutionProperties) = preSolution
		HideSolutionNode = FALSE
	EndGlobalSection
	GlobalSection(ExtensibilityGlobals) = postSolution
		SolutionGuid = {D54B4E73-20D1-45F3-A1A9-E7D61604E754}
	EndGlobalSection
EndGlobal
